// !$*UTF8*$!
{
	archiveVersion = 1;
	classes = {
	};
	objectVersion = 46;
	objects = {

/* Begin PBXBuildFile section */
		B940702F1BB7407D00097D50 /* Assets.xcassets in Resources */ = {isa = PBXBuildFile; fileRef = B94070291BB7407D00097D50 /* Assets.xcassets */; settings = {ASSET_TAGS = (); }; };
		B94070301BB7407D00097D50 /* LaunchScreen.storyboard in Resources */ = {isa = PBXBuildFile; fileRef = B940702A1BB7407D00097D50 /* LaunchScreen.storyboard */; settings = {ASSET_TAGS = (); }; };
		B94070321BB7407D00097D50 /* AppDelegate.swift in Sources */ = {isa = PBXBuildFile; fileRef = B940702E1BB7407D00097D50 /* AppDelegate.swift */; settings = {ASSET_TAGS = (); }; };
		B94070391BB7408400097D50 /* HabitsTests.swift in Sources */ = {isa = PBXBuildFile; fileRef = B94070371BB7408400097D50 /* HabitsTests.swift */; settings = {ASSET_TAGS = (); }; };
		B94070401BB7408B00097D50 /* HabitsUITests.swift in Sources */ = {isa = PBXBuildFile; fileRef = B940703E1BB7408B00097D50 /* HabitsUITests.swift */; settings = {ASSET_TAGS = (); }; };
		B94070421BB745CA00097D50 /* HabitsController.swift in Sources */ = {isa = PBXBuildFile; fileRef = B94070411BB745CA00097D50 /* HabitsController.swift */; settings = {ASSET_TAGS = (); }; };
		B94070441BB7481200097D50 /* HabitsViewModel.swift in Sources */ = {isa = PBXBuildFile; fileRef = B94070431BB7481200097D50 /* HabitsViewModel.swift */; settings = {ASSET_TAGS = (); }; };
/* End PBXBuildFile section */

/* Begin PBXContainerItemProxy section */
		B940700B1BB73EF000097D50 /* PBXContainerItemProxy */ = {
			isa = PBXContainerItemProxy;
			containerPortal = B9406FEE1BB73EF000097D50 /* Project object */;
			proxyType = 1;
			remoteGlobalIDString = B9406FF51BB73EF000097D50;
			remoteInfo = Habits;
		};
		B94070161BB73EF000097D50 /* PBXContainerItemProxy */ = {
			isa = PBXContainerItemProxy;
			containerPortal = B9406FEE1BB73EF000097D50 /* Project object */;
			proxyType = 1;
			remoteGlobalIDString = B9406FF51BB73EF000097D50;
			remoteInfo = Habits;
		};
/* End PBXContainerItemProxy section */

/* Begin PBXFileReference section */
		B9406FF61BB73EF000097D50 /* Habits.app */ = {isa = PBXFileReference; explicitFileType = wrapper.application; includeInIndex = 0; path = Habits.app; sourceTree = BUILT_PRODUCTS_DIR; };
		B940700A1BB73EF000097D50 /* HabitsTests.xctest */ = {isa = PBXFileReference; explicitFileType = wrapper.cfbundle; includeInIndex = 0; path = HabitsTests.xctest; sourceTree = BUILT_PRODUCTS_DIR; };
		B94070151BB73EF000097D50 /* HabitsUITests.xctest */ = {isa = PBXFileReference; explicitFileType = wrapper.cfbundle; includeInIndex = 0; path = HabitsUITests.xctest; sourceTree = BUILT_PRODUCTS_DIR; };
		B94070291BB7407D00097D50 /* Assets.xcassets */ = {isa = PBXFileReference; lastKnownFileType = folder.assetcatalog; path = Assets.xcassets; sourceTree = "<group>"; };
		B940702B1BB7407D00097D50 /* Base */ = {isa = PBXFileReference; lastKnownFileType = file.storyboard; name = Base; path = Base.lproj/LaunchScreen.storyboard; sourceTree = "<group>"; };
		B940702C1BB7407D00097D50 /* Info.plist */ = {isa = PBXFileReference; fileEncoding = 4; lastKnownFileType = text.plist.xml; path = Info.plist; sourceTree = "<group>"; };
		B940702E1BB7407D00097D50 /* AppDelegate.swift */ = {isa = PBXFileReference; fileEncoding = 4; lastKnownFileType = sourcecode.swift; path = AppDelegate.swift; sourceTree = "<group>"; };
		B94070351BB7408400097D50 /* Info.plist */ = {isa = PBXFileReference; fileEncoding = 4; lastKnownFileType = text.plist.xml; path = Info.plist; sourceTree = "<group>"; };
		B94070371BB7408400097D50 /* HabitsTests.swift */ = {isa = PBXFileReference; fileEncoding = 4; lastKnownFileType = sourcecode.swift; path = HabitsTests.swift; sourceTree = "<group>"; };
		B940703C1BB7408B00097D50 /* Info.plist */ = {isa = PBXFileReference; fileEncoding = 4; lastKnownFileType = text.plist.xml; path = Info.plist; sourceTree = "<group>"; };
		B940703E1BB7408B00097D50 /* HabitsUITests.swift */ = {isa = PBXFileReference; fileEncoding = 4; lastKnownFileType = sourcecode.swift; path = HabitsUITests.swift; sourceTree = "<group>"; };
		B94070411BB745CA00097D50 /* HabitsController.swift */ = {isa = PBXFileReference; fileEncoding = 4; lastKnownFileType = sourcecode.swift; path = HabitsController.swift; sourceTree = "<group>"; };
		B94070431BB7481200097D50 /* HabitsViewModel.swift */ = {isa = PBXFileReference; fileEncoding = 4; lastKnownFileType = sourcecode.swift; path = HabitsViewModel.swift; sourceTree = "<group>"; };
		B940704A1BB74F6A00097D50 /* Debug.xcconfig */ = {isa = PBXFileReference; lastKnownFileType = text.xcconfig; path = Debug.xcconfig; sourceTree = "<group>"; };
		B940704C1BB74F6A00097D50 /* Release.xcconfig */ = {isa = PBXFileReference; lastKnownFileType = text.xcconfig; path = Release.xcconfig; sourceTree = "<group>"; };
		B940704F1BB74F6A00097D50 /* Application.xcconfig */ = {isa = PBXFileReference; lastKnownFileType = text.xcconfig; path = Application.xcconfig; sourceTree = "<group>"; };
		B94070621BB74F6A00097D50 /* iOS-Base.xcconfig */ = {isa = PBXFileReference; lastKnownFileType = text.xcconfig; path = "iOS-Base.xcconfig"; sourceTree = "<group>"; };
		B940706C1BB74FA100097D50 /* iOS-Application.xcconfig */ = {isa = PBXFileReference; lastKnownFileType = text.xcconfig; path = "iOS-Application.xcconfig"; sourceTree = "<group>"; };
		B940706D1BB7501600097D50 /* Test.xcconfig */ = {isa = PBXFileReference; lastKnownFileType = text.xcconfig; path = Test.xcconfig; sourceTree = "<group>"; };
		B940706E1BB7506B00097D50 /* Common.xcconfig */ = {isa = PBXFileReference; lastKnownFileType = text.xcconfig; name = Common.xcconfig; path = Base/Common.xcconfig; sourceTree = "<group>"; };
/* End PBXFileReference section */

/* Begin PBXFrameworksBuildPhase section */
		B9406FF31BB73EF000097D50 /* Frameworks */ = {
			isa = PBXFrameworksBuildPhase;
			buildActionMask = 2147483647;
			files = (
			);
			runOnlyForDeploymentPostprocessing = 0;
		};
		B94070071BB73EF000097D50 /* Frameworks */ = {
			isa = PBXFrameworksBuildPhase;
			buildActionMask = 2147483647;
			files = (
			);
			runOnlyForDeploymentPostprocessing = 0;
		};
		B94070121BB73EF000097D50 /* Frameworks */ = {
			isa = PBXFrameworksBuildPhase;
			buildActionMask = 2147483647;
			files = (
			);
			runOnlyForDeploymentPostprocessing = 0;
		};
/* End PBXFrameworksBuildPhase section */

/* Begin PBXGroup section */
		B9406FED1BB73EF000097D50 = {
			isa = PBXGroup;
			children = (
				B94070271BB7407D00097D50 /* Habits */,
				B94070331BB7408400097D50 /* HabitsTests */,
				B940703A1BB7408B00097D50 /* HabitsUITests */,
				B9406FF71BB73EF000097D50 /* Products */,
				B94070451BB74F6A00097D50 /* Configurations */,
			);
			sourceTree = "<group>";
		};
		B9406FF71BB73EF000097D50 /* Products */ = {
			isa = PBXGroup;
			children = (
				B9406FF61BB73EF000097D50 /* Habits.app */,
				B940700A1BB73EF000097D50 /* HabitsTests.xctest */,
				B94070151BB73EF000097D50 /* HabitsUITests.xctest */,
			);
			name = Products;
			sourceTree = "<group>";
		};
		B94070271BB7407D00097D50 /* Habits */ = {
			isa = PBXGroup;
			children = (
				B940702D1BB7407D00097D50 /* Source */,
				B94070281BB7407D00097D50 /* Resources */,
			);
			path = Habits;
			sourceTree = "<group>";
		};
		B94070281BB7407D00097D50 /* Resources */ = {
			isa = PBXGroup;
			children = (
				B94070291BB7407D00097D50 /* Assets.xcassets */,
				B940702A1BB7407D00097D50 /* LaunchScreen.storyboard */,
				B940702C1BB7407D00097D50 /* Info.plist */,
			);
			path = Resources;
			sourceTree = "<group>";
		};
		B940702D1BB7407D00097D50 /* Source */ = {
			isa = PBXGroup;
			children = (
				B940702E1BB7407D00097D50 /* AppDelegate.swift */,
				B94070411BB745CA00097D50 /* HabitsController.swift */,
				B94070431BB7481200097D50 /* HabitsViewModel.swift */,
			);
			path = Source;
			sourceTree = "<group>";
		};
		B94070331BB7408400097D50 /* HabitsTests */ = {
			isa = PBXGroup;
			children = (
				B94070361BB7408400097D50 /* Source */,
				B94070341BB7408400097D50 /* Resources */,
			);
			path = HabitsTests;
			sourceTree = "<group>";
		};
		B94070341BB7408400097D50 /* Resources */ = {
			isa = PBXGroup;
			children = (
				B94070351BB7408400097D50 /* Info.plist */,
			);
			path = Resources;
			sourceTree = "<group>";
		};
		B94070361BB7408400097D50 /* Source */ = {
			isa = PBXGroup;
			children = (
				B94070371BB7408400097D50 /* HabitsTests.swift */,
			);
			path = Source;
			sourceTree = "<group>";
		};
		B940703A1BB7408B00097D50 /* HabitsUITests */ = {
			isa = PBXGroup;
			children = (
				B940703D1BB7408B00097D50 /* Source */,
				B940703B1BB7408B00097D50 /* Resources */,
			);
			path = HabitsUITests;
			sourceTree = "<group>";
		};
		B940703B1BB7408B00097D50 /* Resources */ = {
			isa = PBXGroup;
			children = (
				B940703C1BB7408B00097D50 /* Info.plist */,
			);
			path = Resources;
			sourceTree = "<group>";
		};
		B940703D1BB7408B00097D50 /* Source */ = {
			isa = PBXGroup;
			children = (
				B940703E1BB7408B00097D50 /* HabitsUITests.swift */,
			);
			path = Source;
			sourceTree = "<group>";
		};
		B94070451BB74F6A00097D50 /* Configurations */ = {
			isa = PBXGroup;
			children = (
				B940706E1BB7506B00097D50 /* Common.xcconfig */,
				B94070471BB74F6A00097D50 /* Base */,
				B94070601BB74F6A00097D50 /* iOS */,
			);
			name = Configurations;
			path = Carthage/Checkouts/xcconfigs;
			sourceTree = "<group>";
		};
		B94070471BB74F6A00097D50 /* Base */ = {
			isa = PBXGroup;
			children = (
				B94070491BB74F6A00097D50 /* Configurations */,
				B940704E1BB74F6A00097D50 /* Targets */,
			);
			path = Base;
			sourceTree = "<group>";
		};
		B94070491BB74F6A00097D50 /* Configurations */ = {
			isa = PBXGroup;
			children = (
				B940704A1BB74F6A00097D50 /* Debug.xcconfig */,
				B940704C1BB74F6A00097D50 /* Release.xcconfig */,
				B940706D1BB7501600097D50 /* Test.xcconfig */,
			);
			path = Configurations;
			sourceTree = "<group>";
		};
		B940704E1BB74F6A00097D50 /* Targets */ = {
			isa = PBXGroup;
			children = (
				B940704F1BB74F6A00097D50 /* Application.xcconfig */,
			);
			path = Targets;
			sourceTree = "<group>";
		};
		B94070601BB74F6A00097D50 /* iOS */ = {
			isa = PBXGroup;
			children = (
				B940706C1BB74FA100097D50 /* iOS-Application.xcconfig */,
				B94070621BB74F6A00097D50 /* iOS-Base.xcconfig */,
			);
			path = iOS;
			sourceTree = "<group>";
		};
/* End PBXGroup section */

/* Begin PBXNativeTarget section */
		B9406FF51BB73EF000097D50 /* Habits */ = {
			isa = PBXNativeTarget;
			buildConfigurationList = B940701E1BB73EF000097D50 /* Build configuration list for PBXNativeTarget "Habits" */;
			buildPhases = (
				B9406FF21BB73EF000097D50 /* Sources */,
				B9406FF31BB73EF000097D50 /* Frameworks */,
				B9406FF41BB73EF000097D50 /* Resources */,
			);
			buildRules = (
			);
			dependencies = (
			);
			name = Habits;
			productName = Habits;
			productReference = B9406FF61BB73EF000097D50 /* Habits.app */;
			productType = "com.apple.product-type.application";
		};
		B94070091BB73EF000097D50 /* HabitsTests */ = {
			isa = PBXNativeTarget;
			buildConfigurationList = B94070211BB73EF000097D50 /* Build configuration list for PBXNativeTarget "HabitsTests" */;
			buildPhases = (
				B94070061BB73EF000097D50 /* Sources */,
				B94070071BB73EF000097D50 /* Frameworks */,
				B94070081BB73EF000097D50 /* Resources */,
			);
			buildRules = (
			);
			dependencies = (
				B940700C1BB73EF000097D50 /* PBXTargetDependency */,
			);
			name = HabitsTests;
			productName = HabitsTests;
			productReference = B940700A1BB73EF000097D50 /* HabitsTests.xctest */;
			productType = "com.apple.product-type.bundle.unit-test";
		};
		B94070141BB73EF000097D50 /* HabitsUITests */ = {
			isa = PBXNativeTarget;
			buildConfigurationList = B94070241BB73EF000097D50 /* Build configuration list for PBXNativeTarget "HabitsUITests" */;
			buildPhases = (
				B94070111BB73EF000097D50 /* Sources */,
				B94070121BB73EF000097D50 /* Frameworks */,
				B94070131BB73EF000097D50 /* Resources */,
			);
			buildRules = (
			);
			dependencies = (
				B94070171BB73EF000097D50 /* PBXTargetDependency */,
			);
			name = HabitsUITests;
			productName = HabitsUITests;
			productReference = B94070151BB73EF000097D50 /* HabitsUITests.xctest */;
			productType = "com.apple.product-type.bundle.ui-testing";
		};
/* End PBXNativeTarget section */

/* Begin PBXProject section */
		B9406FEE1BB73EF000097D50 /* Project object */ = {
			isa = PBXProject;
			attributes = {
				LastUpgradeCheck = 0700;
				ORGANIZATIONNAME = "Julian Grosshauser";
				TargetAttributes = {
					B9406FF51BB73EF000097D50 = {
						CreatedOnToolsVersion = 7.0;
					};
					B94070091BB73EF000097D50 = {
						CreatedOnToolsVersion = 7.0;
						TestTargetID = B9406FF51BB73EF000097D50;
					};
					B94070141BB73EF000097D50 = {
						CreatedOnToolsVersion = 7.0;
						TestTargetID = B9406FF51BB73EF000097D50;
					};
				};
			};
			buildConfigurationList = B9406FF11BB73EF000097D50 /* Build configuration list for PBXProject "Habits" */;
			compatibilityVersion = "Xcode 3.2";
			developmentRegion = English;
			hasScannedForEncodings = 0;
			knownRegions = (
				en,
				Base,
			);
			mainGroup = B9406FED1BB73EF000097D50;
			productRefGroup = B9406FF71BB73EF000097D50 /* Products */;
			projectDirPath = "";
			projectRoot = "";
			targets = (
				B9406FF51BB73EF000097D50 /* Habits */,
				B94070091BB73EF000097D50 /* HabitsTests */,
				B94070141BB73EF000097D50 /* HabitsUITests */,
			);
		};
/* End PBXProject section */

/* Begin PBXResourcesBuildPhase section */
		B9406FF41BB73EF000097D50 /* Resources */ = {
			isa = PBXResourcesBuildPhase;
			buildActionMask = 2147483647;
			files = (
				B940702F1BB7407D00097D50 /* Assets.xcassets in Resources */,
				B94070301BB7407D00097D50 /* LaunchScreen.storyboard in Resources */,
			);
			runOnlyForDeploymentPostprocessing = 0;
		};
		B94070081BB73EF000097D50 /* Resources */ = {
			isa = PBXResourcesBuildPhase;
			buildActionMask = 2147483647;
			files = (
			);
			runOnlyForDeploymentPostprocessing = 0;
		};
		B94070131BB73EF000097D50 /* Resources */ = {
			isa = PBXResourcesBuildPhase;
			buildActionMask = 2147483647;
			files = (
			);
			runOnlyForDeploymentPostprocessing = 0;
		};
/* End PBXResourcesBuildPhase section */

/* Begin PBXSourcesBuildPhase section */
		B9406FF21BB73EF000097D50 /* Sources */ = {
			isa = PBXSourcesBuildPhase;
			buildActionMask = 2147483647;
			files = (
				B94070441BB7481200097D50 /* HabitsViewModel.swift in Sources */,
				B94070421BB745CA00097D50 /* HabitsController.swift in Sources */,
				B94070321BB7407D00097D50 /* AppDelegate.swift in Sources */,
			);
			runOnlyForDeploymentPostprocessing = 0;
		};
		B94070061BB73EF000097D50 /* Sources */ = {
			isa = PBXSourcesBuildPhase;
			buildActionMask = 2147483647;
			files = (
				B94070391BB7408400097D50 /* HabitsTests.swift in Sources */,
			);
			runOnlyForDeploymentPostprocessing = 0;
		};
		B94070111BB73EF000097D50 /* Sources */ = {
			isa = PBXSourcesBuildPhase;
			buildActionMask = 2147483647;
			files = (
				B94070401BB7408B00097D50 /* HabitsUITests.swift in Sources */,
			);
			runOnlyForDeploymentPostprocessing = 0;
		};
/* End PBXSourcesBuildPhase section */

/* Begin PBXTargetDependency section */
		B940700C1BB73EF000097D50 /* PBXTargetDependency */ = {
			isa = PBXTargetDependency;
			target = B9406FF51BB73EF000097D50 /* Habits */;
			targetProxy = B940700B1BB73EF000097D50 /* PBXContainerItemProxy */;
		};
		B94070171BB73EF000097D50 /* PBXTargetDependency */ = {
			isa = PBXTargetDependency;
			target = B9406FF51BB73EF000097D50 /* Habits */;
			targetProxy = B94070161BB73EF000097D50 /* PBXContainerItemProxy */;
		};
/* End PBXTargetDependency section */

/* Begin PBXVariantGroup section */
		B940702A1BB7407D00097D50 /* LaunchScreen.storyboard */ = {
			isa = PBXVariantGroup;
			children = (
				B940702B1BB7407D00097D50 /* Base */,
			);
			name = LaunchScreen.storyboard;
			sourceTree = "<group>";
		};
/* End PBXVariantGroup section */

/* Begin XCBuildConfiguration section */
		B940701C1BB73EF000097D50 /* Debug */ = {
			isa = XCBuildConfiguration;
			baseConfigurationReference = B940704A1BB74F6A00097D50 /* Debug.xcconfig */;
			buildSettings = {
				ALWAYS_SEARCH_USER_PATHS = NO;
				CLANG_CXX_LANGUAGE_STANDARD = "gnu++0x";
				CLANG_CXX_LIBRARY = "libc++";
				CLANG_ENABLE_MODULES = YES;
				CLANG_ENABLE_OBJC_ARC = YES;
				CLANG_WARN_BOOL_CONVERSION = YES;
				CLANG_WARN_CONSTANT_CONVERSION = YES;
				CLANG_WARN_DIRECT_OBJC_ISA_USAGE = YES_ERROR;
				CLANG_WARN_EMPTY_BODY = YES;
				CLANG_WARN_ENUM_CONVERSION = YES;
				CLANG_WARN_INT_CONVERSION = YES;
				CLANG_WARN_OBJC_ROOT_CLASS = YES_ERROR;
				CLANG_WARN_UNREACHABLE_CODE = YES;
				CLANG_WARN__DUPLICATE_METHOD_MATCH = YES;
				"CODE_SIGN_IDENTITY[sdk=iphoneos*]" = "iPhone Developer";
				COPY_PHASE_STRIP = NO;
				DEBUG_INFORMATION_FORMAT = dwarf;
				ENABLE_STRICT_OBJC_MSGSEND = YES;
				ENABLE_TESTABILITY = YES;
				GCC_C_LANGUAGE_STANDARD = gnu99;
				GCC_DYNAMIC_NO_PIC = NO;
				GCC_NO_COMMON_BLOCKS = YES;
				GCC_OPTIMIZATION_LEVEL = 0;
				GCC_PREPROCESSOR_DEFINITIONS = (
					"DEBUG=1",
					"$(inherited)",
				);
				GCC_WARN_64_TO_32_BIT_CONVERSION = YES;
				GCC_WARN_ABOUT_RETURN_TYPE = YES_ERROR;
				GCC_WARN_UNDECLARED_SELECTOR = YES;
				GCC_WARN_UNINITIALIZED_AUTOS = YES_AGGRESSIVE;
				GCC_WARN_UNUSED_FUNCTION = YES;
				GCC_WARN_UNUSED_VARIABLE = YES;
				IPHONEOS_DEPLOYMENT_TARGET = 9.0;
				MTL_ENABLE_DEBUG_INFO = YES;
				ONLY_ACTIVE_ARCH = YES;
				SDKROOT = iphoneos;
				SWIFT_OPTIMIZATION_LEVEL = "-Onone";
				TARGETED_DEVICE_FAMILY = "1,2";
			};
			name = Debug;
		};
		B940701D1BB73EF000097D50 /* Release */ = {
			isa = XCBuildConfiguration;
			baseConfigurationReference = B940704C1BB74F6A00097D50 /* Release.xcconfig */;
			buildSettings = {
				ALWAYS_SEARCH_USER_PATHS = NO;
				CLANG_CXX_LANGUAGE_STANDARD = "gnu++0x";
				CLANG_CXX_LIBRARY = "libc++";
				CLANG_ENABLE_MODULES = YES;
				CLANG_ENABLE_OBJC_ARC = YES;
				CLANG_WARN_BOOL_CONVERSION = YES;
				CLANG_WARN_CONSTANT_CONVERSION = YES;
				CLANG_WARN_DIRECT_OBJC_ISA_USAGE = YES_ERROR;
				CLANG_WARN_EMPTY_BODY = YES;
				CLANG_WARN_ENUM_CONVERSION = YES;
				CLANG_WARN_INT_CONVERSION = YES;
				CLANG_WARN_OBJC_ROOT_CLASS = YES_ERROR;
				CLANG_WARN_UNREACHABLE_CODE = YES;
				CLANG_WARN__DUPLICATE_METHOD_MATCH = YES;
				"CODE_SIGN_IDENTITY[sdk=iphoneos*]" = "iPhone Developer";
				COPY_PHASE_STRIP = NO;
				DEBUG_INFORMATION_FORMAT = "dwarf-with-dsym";
				ENABLE_NS_ASSERTIONS = NO;
				ENABLE_STRICT_OBJC_MSGSEND = YES;
				GCC_C_LANGUAGE_STANDARD = gnu99;
				GCC_NO_COMMON_BLOCKS = YES;
				GCC_WARN_64_TO_32_BIT_CONVERSION = YES;
				GCC_WARN_ABOUT_RETURN_TYPE = YES_ERROR;
				GCC_WARN_UNDECLARED_SELECTOR = YES;
				GCC_WARN_UNINITIALIZED_AUTOS = YES_AGGRESSIVE;
				GCC_WARN_UNUSED_FUNCTION = YES;
				GCC_WARN_UNUSED_VARIABLE = YES;
				IPHONEOS_DEPLOYMENT_TARGET = 9.0;
				MTL_ENABLE_DEBUG_INFO = NO;
				SDKROOT = iphoneos;
				TARGETED_DEVICE_FAMILY = "1,2";
				VALIDATE_PRODUCT = YES;
			};
			name = Release;
		};
		B940701F1BB73EF000097D50 /* Debug */ = {
			isa = XCBuildConfiguration;
			baseConfigurationReference = B940706C1BB74FA100097D50 /* iOS-Application.xcconfig */;
			buildSettings = {
				ASSETCATALOG_COMPILER_APPICON_NAME = AppIcon;
				INFOPLIST_FILE = Habits/Resources/Info.plist;
				LD_RUNPATH_SEARCH_PATHS = "$(inherited) @executable_path/Frameworks";
				PRODUCT_BUNDLE_IDENTIFIER = com.juliangrosshauser.Habits;
				PRODUCT_NAME = "$(TARGET_NAME)";
			};
			name = Debug;
		};
		B94070201BB73EF000097D50 /* Release */ = {
			isa = XCBuildConfiguration;
			baseConfigurationReference = B940706C1BB74FA100097D50 /* iOS-Application.xcconfig */;
			buildSettings = {
				ASSETCATALOG_COMPILER_APPICON_NAME = AppIcon;
				INFOPLIST_FILE = Habits/Resources/Info.plist;
				LD_RUNPATH_SEARCH_PATHS = "$(inherited) @executable_path/Frameworks";
				PRODUCT_BUNDLE_IDENTIFIER = com.juliangrosshauser.Habits;
				PRODUCT_NAME = "$(TARGET_NAME)";
			};
			name = Release;
		};
		B94070221BB73EF000097D50 /* Debug */ = {
			isa = XCBuildConfiguration;
			baseConfigurationReference = B940706D1BB7501600097D50 /* Test.xcconfig */;
			buildSettings = {
				BUNDLE_LOADER = "$(TEST_HOST)";
				INFOPLIST_FILE = HabitsTests/Resources/Info.plist;
				LD_RUNPATH_SEARCH_PATHS = "$(inherited) @executable_path/Frameworks @loader_path/Frameworks";
				PRODUCT_BUNDLE_IDENTIFIER = com.juliangrosshauser.HabitsTests;
				PRODUCT_NAME = "$(TARGET_NAME)";
				TEST_HOST = "$(BUILT_PRODUCTS_DIR)/Habits.app/Habits";
			};
			name = Debug;
		};
		B94070231BB73EF000097D50 /* Release */ = {
			isa = XCBuildConfiguration;
			baseConfigurationReference = B940706D1BB7501600097D50 /* Test.xcconfig */;
			buildSettings = {
				BUNDLE_LOADER = "$(TEST_HOST)";
				INFOPLIST_FILE = HabitsTests/Resources/Info.plist;
				LD_RUNPATH_SEARCH_PATHS = "$(inherited) @executable_path/Frameworks @loader_path/Frameworks";
				PRODUCT_BUNDLE_IDENTIFIER = com.juliangrosshauser.HabitsTests;
				PRODUCT_NAME = "$(TARGET_NAME)";
				TEST_HOST = "$(BUILT_PRODUCTS_DIR)/Habits.app/Habits";
			};
			name = Release;
		};
		B94070251BB73EF000097D50 /* Debug */ = {
			isa = XCBuildConfiguration;
			baseConfigurationReference = B940706D1BB7501600097D50 /* Test.xcconfig */;
			buildSettings = {
				INFOPLIST_FILE = HabitsUITests/Resources/Info.plist;
				LD_RUNPATH_SEARCH_PATHS = "$(inherited) @executable_path/Frameworks @loader_path/Frameworks";
				PRODUCT_BUNDLE_IDENTIFIER = com.juliangrosshauser.HabitsUITests;
				PRODUCT_NAME = "$(TARGET_NAME)";
				TEST_TARGET_NAME = Habits;
				USES_XCTRUNNER = YES;
			};
			name = Debug;
		};
		B94070261BB73EF000097D50 /* Release */ = {
			isa = XCBuildConfiguration;
			baseConfigurationReference = B940706D1BB7501600097D50 /* Test.xcconfig */;
			buildSettings = {
				INFOPLIST_FILE = HabitsUITests/Resources/Info.plist;
				LD_RUNPATH_SEARCH_PATHS = "$(inherited) @executable_path/Frameworks @loader_path/Frameworks";
				PRODUCT_BUNDLE_IDENTIFIER = com.juliangrosshauser.HabitsUITests;
				PRODUCT_NAME = "$(TARGET_NAME)";
				TEST_TARGET_NAME = Habits;
				USES_XCTRUNNER = YES;
			};
			name = Release;
		};
/* End XCBuildConfiguration section */

/* Begin XCConfigurationList section */
		B9406FF11BB73EF000097D50 /* Build configuration list for PBXProject "Habits" */ = {
			isa = XCConfigurationList;
			buildConfigurations = (
				B940701C1BB73EF000097D50 /* Debug */,
				B940701D1BB73EF000097D50 /* Release */,
			);
			defaultConfigurationIsVisible = 0;
			defaultConfigurationName = Release;
		};
		B940701E1BB73EF000097D50 /* Build configuration list for PBXNativeTarget "Habits" */ = {
			isa = XCConfigurationList;
			buildConfigurations = (
				B940701F1BB73EF000097D50 /* Debug */,
				B94070201BB73EF000097D50 /* Release */,
			);
			defaultConfigurationIsVisible = 0;
			defaultConfigurationName = Release;
		};
		B94070211BB73EF000097D50 /* Build configuration list for PBXNativeTarget "HabitsTests" */ = {
			isa = XCConfigurationList;
			buildConfigurations = (
				B94070221BB73EF000097D50 /* Debug */,
				B94070231BB73EF000097D50 /* Release */,
			);
			defaultConfigurationIsVisible = 0;
			defaultConfigurationName = Release;
		};
		B94070241BB73EF000097D50 /* Build configuration list for PBXNativeTarget "HabitsUITests" */ = {
			isa = XCConfigurationList;
			buildConfigurations = (
				B94070251BB73EF000097D50 /* Debug */,
				B94070261BB73EF000097D50 /* Release */,
			);
			defaultConfigurationIsVisible = 0;
			defaultConfigurationName = Release;
		};
/* End XCConfigurationList section */
	};
	rootObject = B9406FEE1BB73EF000097D50 /* Project object */;
}
